// !$*UTF8*$!
{
	archiveVersion = 1;
	classes = {
	};
	objectVersion = 56;
	objects = {

/* Begin PBXBuildFile section */
		6B3E511D2B0CA98E006BDB51 /* TabView.swift in Sources */ = {isa = PBXBuildFile; fileRef = 6B3E511C2B0CA98E006BDB51 /* TabView.swift */; };
		6BA6A4FE2B0A6A7C00FC6583 /* TestView.swift in Sources */ = {isa = PBXBuildFile; fileRef = 6BA6A4FD2B0A6A7C00FC6583 /* TestView.swift */; };
		6BA6A5002B0A82A500FC6583 /* message_manager.swift in Sources */ = {isa = PBXBuildFile; fileRef = 6BA6A4FF2B0A82A500FC6583 /* message_manager.swift */; };
		6BA6A5082B0A894C00FC6583 /* extensions.swift in Sources */ = {isa = PBXBuildFile; fileRef = 6BA6A5072B0A894C00FC6583 /* extensions.swift */; };
		6BA6A50B2B0A8B5400FC6583 /* FirebaseAppCheck in Frameworks */ = {isa = PBXBuildFile; productRef = 6BA6A50A2B0A8B5400FC6583 /* FirebaseAppCheck */; };
		6BA6A50D2B0A8B5400FC6583 /* FirebaseAppDistribution-Beta in Frameworks */ = {isa = PBXBuildFile; productRef = 6BA6A50C2B0A8B5400FC6583 /* FirebaseAppDistribution-Beta */; };
		6BA6A50F2B0A8B5400FC6583 /* FirebaseAuth in Frameworks */ = {isa = PBXBuildFile; productRef = 6BA6A50E2B0A8B5400FC6583 /* FirebaseAuth */; };
		6BA6A5112B0A8B5400FC6583 /* FirebaseAuthCombine-Community in Frameworks */ = {isa = PBXBuildFile; productRef = 6BA6A5102B0A8B5400FC6583 /* FirebaseAuthCombine-Community */; };
		6BA6A5132B0A8B5400FC6583 /* FirebaseCrashlytics in Frameworks */ = {isa = PBXBuildFile; productRef = 6BA6A5122B0A8B5400FC6583 /* FirebaseCrashlytics */; };
		6BA6A5152B0A8B5400FC6583 /* FirebaseDatabase in Frameworks */ = {isa = PBXBuildFile; productRef = 6BA6A5142B0A8B5400FC6583 /* FirebaseDatabase */; };
		6BA6A5172B0A8B5400FC6583 /* FirebaseDatabaseSwift in Frameworks */ = {isa = PBXBuildFile; productRef = 6BA6A5162B0A8B5400FC6583 /* FirebaseDatabaseSwift */; };
		6BA6A5192B0A8B5400FC6583 /* FirebaseDynamicLinks in Frameworks */ = {isa = PBXBuildFile; productRef = 6BA6A5182B0A8B5400FC6583 /* FirebaseDynamicLinks */; };
		6BA6A51B2B0A8B5400FC6583 /* FirebaseFirestore in Frameworks */ = {isa = PBXBuildFile; productRef = 6BA6A51A2B0A8B5400FC6583 /* FirebaseFirestore */; };
		6BA6A51D2B0A8B5400FC6583 /* FirebaseFirestoreCombine-Community in Frameworks */ = {isa = PBXBuildFile; productRef = 6BA6A51C2B0A8B5400FC6583 /* FirebaseFirestoreCombine-Community */; };
		6BA6A51F2B0A8B5400FC6583 /* FirebaseFirestoreSwift in Frameworks */ = {isa = PBXBuildFile; productRef = 6BA6A51E2B0A8B5400FC6583 /* FirebaseFirestoreSwift */; };
		6BA6A5212B0A8B5400FC6583 /* FirebaseFunctions in Frameworks */ = {isa = PBXBuildFile; productRef = 6BA6A5202B0A8B5400FC6583 /* FirebaseFunctions */; };
		6BA6A5232B0A8B5400FC6583 /* FirebaseFunctionsCombine-Community in Frameworks */ = {isa = PBXBuildFile; productRef = 6BA6A5222B0A8B5400FC6583 /* FirebaseFunctionsCombine-Community */; };
		6BA6A5252B0A8B5400FC6583 /* FirebaseInAppMessaging-Beta in Frameworks */ = {isa = PBXBuildFile; productRef = 6BA6A5242B0A8B5400FC6583 /* FirebaseInAppMessaging-Beta */; };
		6BA6A5272B0A8B5400FC6583 /* FirebaseInAppMessagingSwift-Beta in Frameworks */ = {isa = PBXBuildFile; productRef = 6BA6A5262B0A8B5400FC6583 /* FirebaseInAppMessagingSwift-Beta */; };
		6BA6A5292B0A8B5400FC6583 /* FirebaseInstallations in Frameworks */ = {isa = PBXBuildFile; productRef = 6BA6A5282B0A8B5400FC6583 /* FirebaseInstallations */; };
		6BA6A52B2B0A8B5400FC6583 /* FirebaseMLModelDownloader in Frameworks */ = {isa = PBXBuildFile; productRef = 6BA6A52A2B0A8B5400FC6583 /* FirebaseMLModelDownloader */; };
		6BA6A52D2B0A8B5400FC6583 /* FirebaseMessaging in Frameworks */ = {isa = PBXBuildFile; productRef = 6BA6A52C2B0A8B5400FC6583 /* FirebaseMessaging */; };
		6BA6A52F2B0A8B5400FC6583 /* FirebasePerformance in Frameworks */ = {isa = PBXBuildFile; productRef = 6BA6A52E2B0A8B5400FC6583 /* FirebasePerformance */; };
		6BA6A5312B0A8B5400FC6583 /* FirebaseRemoteConfig in Frameworks */ = {isa = PBXBuildFile; productRef = 6BA6A5302B0A8B5400FC6583 /* FirebaseRemoteConfig */; };
		6BA6A5332B0A8B5400FC6583 /* FirebaseRemoteConfigSwift in Frameworks */ = {isa = PBXBuildFile; productRef = 6BA6A5322B0A8B5400FC6583 /* FirebaseRemoteConfigSwift */; };
		6BA6A5352B0A8B5400FC6583 /* FirebaseStorage in Frameworks */ = {isa = PBXBuildFile; productRef = 6BA6A5342B0A8B5400FC6583 /* FirebaseStorage */; };
		6BA6A5372B0A8B5400FC6583 /* FirebaseStorageCombine-Community in Frameworks */ = {isa = PBXBuildFile; productRef = 6BA6A5362B0A8B5400FC6583 /* FirebaseStorageCombine-Community */; };
		6BBC45D82B0957B500BDB52E /* ChatApp.swift in Sources */ = {isa = PBXBuildFile; fileRef = 6BBC45D72B0957B500BDB52E /* ChatApp.swift */; };
		6BBC45DC2B0957B600BDB52E /* Assets.xcassets in Resources */ = {isa = PBXBuildFile; fileRef = 6BBC45DB2B0957B600BDB52E /* Assets.xcassets */; };
		6BBC45DF2B0957B600BDB52E /* Preview Assets.xcassets in Resources */ = {isa = PBXBuildFile; fileRef = 6BBC45DE2B0957B600BDB52E /* Preview Assets.xcassets */; };
		6BBC45E82B09583B00BDB52E /* login_view.swift in Sources */ = {isa = PBXBuildFile; fileRef = 6BBC45E72B09583B00BDB52E /* login_view.swift */; };
		6BBC45FD2B09596700BDB52E /* register_view.swift in Sources */ = {isa = PBXBuildFile; fileRef = 6BBC45FC2B09596700BDB52E /* register_view.swift */; };
		6BBC45FF2B09599D00BDB52E /* profile_view.swift in Sources */ = {isa = PBXBuildFile; fileRef = 6BBC45FE2B09599D00BDB52E /* profile_view.swift */; };
		6BBC46012B0959DA00BDB52E /* home_view.swift in Sources */ = {isa = PBXBuildFile; fileRef = 6BBC46002B0959DA00BDB52E /* home_view.swift */; };
		6BBC46032B095A0200BDB52E /* user_action.swift in Sources */ = {isa = PBXBuildFile; fileRef = 6BBC46022B095A0100BDB52E /* user_action.swift */; };
		6BD0AC982B0C0F88004C2EA4 /* GoogleService-Info.plist in Resources */ = {isa = PBXBuildFile; fileRef = 6BD0AC972B0C0F88004C2EA4 /* GoogleService-Info.plist */; };
/* End PBXBuildFile section */

/* Begin PBXFileReference section */
		6B3E511C2B0CA98E006BDB51 /* TabView.swift */ = {isa = PBXFileReference; lastKnownFileType = sourcecode.swift; path = TabView.swift; sourceTree = "<group>"; };
		6BA6A4FD2B0A6A7C00FC6583 /* TestView.swift */ = {isa = PBXFileReference; lastKnownFileType = sourcecode.swift; path = TestView.swift; sourceTree = "<group>"; };
		6BA6A4FF2B0A82A500FC6583 /* message_manager.swift */ = {isa = PBXFileReference; lastKnownFileType = sourcecode.swift; path = message_manager.swift; sourceTree = "<group>"; };
		6BA6A5072B0A894C00FC6583 /* extensions.swift */ = {isa = PBXFileReference; lastKnownFileType = sourcecode.swift; path = extensions.swift; sourceTree = "<group>"; };
		6BBC45D42B0957B500BDB52E /* Chat.app */ = {isa = PBXFileReference; explicitFileType = wrapper.application; includeInIndex = 0; path = Chat.app; sourceTree = BUILT_PRODUCTS_DIR; };
		6BBC45D72B0957B500BDB52E /* ChatApp.swift */ = {isa = PBXFileReference; lastKnownFileType = sourcecode.swift; path = ChatApp.swift; sourceTree = "<group>"; };
		6BBC45DB2B0957B600BDB52E /* Assets.xcassets */ = {isa = PBXFileReference; lastKnownFileType = folder.assetcatalog; path = Assets.xcassets; sourceTree = "<group>"; };
		6BBC45DE2B0957B600BDB52E /* Preview Assets.xcassets */ = {isa = PBXFileReference; lastKnownFileType = folder.assetcatalog; path = "Preview Assets.xcassets"; sourceTree = "<group>"; };
		6BBC45E72B09583B00BDB52E /* login_view.swift */ = {isa = PBXFileReference; lastKnownFileType = sourcecode.swift; path = login_view.swift; sourceTree = "<group>"; };
		6BBC45FC2B09596700BDB52E /* register_view.swift */ = {isa = PBXFileReference; lastKnownFileType = sourcecode.swift; path = register_view.swift; sourceTree = "<group>"; };
		6BBC45FE2B09599D00BDB52E /* profile_view.swift */ = {isa = PBXFileReference; lastKnownFileType = sourcecode.swift; path = profile_view.swift; sourceTree = "<group>"; };
		6BBC46002B0959DA00BDB52E /* home_view.swift */ = {isa = PBXFileReference; lastKnownFileType = sourcecode.swift; path = home_view.swift; sourceTree = "<group>"; };
		6BBC46022B095A0100BDB52E /* user_action.swift */ = {isa = PBXFileReference; lastKnownFileType = sourcecode.swift; path = user_action.swift; sourceTree = "<group>"; };
		6BD0AC972B0C0F88004C2EA4 /* GoogleService-Info.plist */ = {isa = PBXFileReference; fileEncoding = 4; lastKnownFileType = text.plist.xml; path = "GoogleService-Info.plist"; sourceTree = "<group>"; };
/* End PBXFileReference section */

/* Begin PBXFrameworksBuildPhase section */
		6BBC45D12B0957B500BDB52E /* Frameworks */ = {
			isa = PBXFrameworksBuildPhase;
			buildActionMask = 2147483647;
			files = (
				6BA6A52D2B0A8B5400FC6583 /* FirebaseMessaging in Frameworks */,
				6BA6A52B2B0A8B5400FC6583 /* FirebaseMLModelDownloader in Frameworks */,
				6BA6A5172B0A8B5400FC6583 /* FirebaseDatabaseSwift in Frameworks */,
				6BA6A5372B0A8B5400FC6583 /* FirebaseStorageCombine-Community in Frameworks */,
				6BA6A5332B0A8B5400FC6583 /* FirebaseRemoteConfigSwift in Frameworks */,
				6BA6A5252B0A8B5400FC6583 /* FirebaseInAppMessaging-Beta in Frameworks */,
				6BA6A5152B0A8B5400FC6583 /* FirebaseDatabase in Frameworks */,
				6BA6A50B2B0A8B5400FC6583 /* FirebaseAppCheck in Frameworks */,
				6BA6A5212B0A8B5400FC6583 /* FirebaseFunctions in Frameworks */,
				6BA6A51D2B0A8B5400FC6583 /* FirebaseFirestoreCombine-Community in Frameworks */,
				6BA6A5192B0A8B5400FC6583 /* FirebaseDynamicLinks in Frameworks */,
				6BA6A5272B0A8B5400FC6583 /* FirebaseInAppMessagingSwift-Beta in Frameworks */,
				6BA6A51F2B0A8B5400FC6583 /* FirebaseFirestoreSwift in Frameworks */,
				6BA6A50F2B0A8B5400FC6583 /* FirebaseAuth in Frameworks */,
				6BA6A5232B0A8B5400FC6583 /* FirebaseFunctionsCombine-Community in Frameworks */,
				6BA6A5292B0A8B5400FC6583 /* FirebaseInstallations in Frameworks */,
				6BA6A52F2B0A8B5400FC6583 /* FirebasePerformance in Frameworks */,
				6BA6A51B2B0A8B5400FC6583 /* FirebaseFirestore in Frameworks */,
				6BA6A5132B0A8B5400FC6583 /* FirebaseCrashlytics in Frameworks */,
				6BA6A50D2B0A8B5400FC6583 /* FirebaseAppDistribution-Beta in Frameworks */,
				6BA6A5352B0A8B5400FC6583 /* FirebaseStorage in Frameworks */,
				6BA6A5112B0A8B5400FC6583 /* FirebaseAuthCombine-Community in Frameworks */,
				6BA6A5312B0A8B5400FC6583 /* FirebaseRemoteConfig in Frameworks */,
			);
			runOnlyForDeploymentPostprocessing = 0;
		};
/* End PBXFrameworksBuildPhase section */

/* Begin PBXGroup section */
		6BBC45CB2B0957B500BDB52E = {
			isa = PBXGroup;
			children = (
				6BBC45D62B0957B500BDB52E /* Chat */,
				6BBC45D52B0957B500BDB52E /* Products */,
			);
			sourceTree = "<group>";
		};
		6BBC45D52B0957B500BDB52E /* Products */ = {
			isa = PBXGroup;
			children = (
				6BBC45D42B0957B500BDB52E /* Chat.app */,
			);
			name = Products;
			sourceTree = "<group>";
		};
		6BBC45D62B0957B500BDB52E /* Chat */ = {
			isa = PBXGroup;
			children = (
				6BBC45E72B09583B00BDB52E /* login_view.swift */,
				6BD0AC972B0C0F88004C2EA4 /* GoogleService-Info.plist */,
				6BBC45D72B0957B500BDB52E /* ChatApp.swift */,
				6BA6A4FD2B0A6A7C00FC6583 /* TestView.swift */,
				6BBC45FE2B09599D00BDB52E /* profile_view.swift */,
				6BBC45FC2B09596700BDB52E /* register_view.swift */,
				6BBC46002B0959DA00BDB52E /* home_view.swift */,
				6BBC45DB2B0957B600BDB52E /* Assets.xcassets */,
				6BBC46022B095A0100BDB52E /* user_action.swift */,
				6BA6A4FF2B0A82A500FC6583 /* message_manager.swift */,
				6BA6A5072B0A894C00FC6583 /* extensions.swift */,
				6BBC45DD2B0957B600BDB52E /* Preview Content */,
				6B3E511C2B0CA98E006BDB51 /* TabView.swift */,
			);
			path = Chat;
			sourceTree = "<group>";
		};
		6BBC45DD2B0957B600BDB52E /* Preview Content */ = {
			isa = PBXGroup;
			children = (
				6BBC45DE2B0957B600BDB52E /* Preview Assets.xcassets */,
			);
			path = "Preview Content";
			sourceTree = "<group>";
		};
/* End PBXGroup section */

/* Begin PBXNativeTarget section */
		6BBC45D32B0957B500BDB52E /* Chat */ = {
			isa = PBXNativeTarget;
			buildConfigurationList = 6BBC45E22B0957B600BDB52E /* Build configuration list for PBXNativeTarget "Chat" */;
			buildPhases = (
				6BBC45D02B0957B500BDB52E /* Sources */,
				6BBC45D12B0957B500BDB52E /* Frameworks */,
				6BBC45D22B0957B500BDB52E /* Resources */,
			);
			buildRules = (
			);
			dependencies = (
			);
			name = Chat;
			packageProductDependencies = (
				6BA6A50A2B0A8B5400FC6583 /* FirebaseAppCheck */,
				6BA6A50C2B0A8B5400FC6583 /* FirebaseAppDistribution-Beta */,
				6BA6A50E2B0A8B5400FC6583 /* FirebaseAuth */,
				6BA6A5102B0A8B5400FC6583 /* FirebaseAuthCombine-Community */,
				6BA6A5122B0A8B5400FC6583 /* FirebaseCrashlytics */,
				6BA6A5142B0A8B5400FC6583 /* FirebaseDatabase */,
				6BA6A5162B0A8B5400FC6583 /* FirebaseDatabaseSwift */,
				6BA6A5182B0A8B5400FC6583 /* FirebaseDynamicLinks */,
				6BA6A51A2B0A8B5400FC6583 /* FirebaseFirestore */,
				6BA6A51C2B0A8B5400FC6583 /* FirebaseFirestoreCombine-Community */,
				6BA6A51E2B0A8B5400FC6583 /* FirebaseFirestoreSwift */,
				6BA6A5202B0A8B5400FC6583 /* FirebaseFunctions */,
				6BA6A5222B0A8B5400FC6583 /* FirebaseFunctionsCombine-Community */,
				6BA6A5242B0A8B5400FC6583 /* FirebaseInAppMessaging-Beta */,
				6BA6A5262B0A8B5400FC6583 /* FirebaseInAppMessagingSwift-Beta */,
				6BA6A5282B0A8B5400FC6583 /* FirebaseInstallations */,
				6BA6A52A2B0A8B5400FC6583 /* FirebaseMLModelDownloader */,
				6BA6A52C2B0A8B5400FC6583 /* FirebaseMessaging */,
				6BA6A52E2B0A8B5400FC6583 /* FirebasePerformance */,
				6BA6A5302B0A8B5400FC6583 /* FirebaseRemoteConfig */,
				6BA6A5322B0A8B5400FC6583 /* FirebaseRemoteConfigSwift */,
				6BA6A5342B0A8B5400FC6583 /* FirebaseStorage */,
				6BA6A5362B0A8B5400FC6583 /* FirebaseStorageCombine-Community */,
			);
			productName = Chat;
			productReference = 6BBC45D42B0957B500BDB52E /* Chat.app */;
			productType = "com.apple.product-type.application";
		};
/* End PBXNativeTarget section */

/* Begin PBXProject section */
		6BBC45CC2B0957B500BDB52E /* Project object */ = {
			isa = PBXProject;
			attributes = {
				BuildIndependentTargetsInParallel = 1;
				LastSwiftUpdateCheck = 1430;
				LastUpgradeCheck = 1430;
				TargetAttributes = {
					6BBC45D32B0957B500BDB52E = {
						CreatedOnToolsVersion = 14.3.1;
					};
				};
			};
			buildConfigurationList = 6BBC45CF2B0957B500BDB52E /* Build configuration list for PBXProject "Chat" */;
			compatibilityVersion = "Xcode 14.0";
			developmentRegion = en;
			hasScannedForEncodings = 0;
			knownRegions = (
				en,
				Base,
			);
			mainGroup = 6BBC45CB2B0957B500BDB52E;
			packageReferences = (
				6BA6A5092B0A8B5400FC6583 /* XCRemoteSwiftPackageReference "firebase-ios-sdk" */,
			);
			productRefGroup = 6BBC45D52B0957B500BDB52E /* Products */;
			projectDirPath = "";
			projectRoot = "";
			targets = (
				6BBC45D32B0957B500BDB52E /* Chat */,
			);
		};
/* End PBXProject section */

/* Begin PBXResourcesBuildPhase section */
		6BBC45D22B0957B500BDB52E /* Resources */ = {
			isa = PBXResourcesBuildPhase;
			buildActionMask = 2147483647;
			files = (
				6BBC45DF2B0957B600BDB52E /* Preview Assets.xcassets in Resources */,
				6BD0AC982B0C0F88004C2EA4 /* GoogleService-Info.plist in Resources */,
				6BBC45DC2B0957B600BDB52E /* Assets.xcassets in Resources */,
			);
			runOnlyForDeploymentPostprocessing = 0;
		};
/* End PBXResourcesBuildPhase section */

/* Begin PBXSourcesBuildPhase section */
		6BBC45D02B0957B500BDB52E /* Sources */ = {
			isa = PBXSourcesBuildPhase;
			buildActionMask = 2147483647;
			files = (
				6B3E511D2B0CA98E006BDB51 /* TabView.swift in Sources */,
				6BBC46012B0959DA00BDB52E /* home_view.swift in Sources */,
				6BBC45FD2B09596700BDB52E /* register_view.swift in Sources */,
				6BBC45E82B09583B00BDB52E /* login_view.swift in Sources */,
				6BA6A4FE2B0A6A7C00FC6583 /* TestView.swift in Sources */,
				6BA6A5082B0A894C00FC6583 /* extensions.swift in Sources */,
				6BBC46032B095A0200BDB52E /* user_action.swift in Sources */,
				6BBC45FF2B09599D00BDB52E /* profile_view.swift in Sources */,
				6BA6A5002B0A82A500FC6583 /* message_manager.swift in Sources */,
				6BBC45D82B0957B500BDB52E /* ChatApp.swift in Sources */,
			);
			runOnlyForDeploymentPostprocessing = 0;
		};
/* End PBXSourcesBuildPhase section */

/* Begin XCBuildConfiguration section */
		6BBC45E02B0957B600BDB52E /* Debug */ = {
			isa = XCBuildConfiguration;
			buildSettings = {
				ALWAYS_SEARCH_USER_PATHS = NO;
				CLANG_ANALYZER_NONNULL = YES;
				CLANG_ANALYZER_NUMBER_OBJECT_CONVERSION = YES_AGGRESSIVE;
				CLANG_CXX_LANGUAGE_STANDARD = "gnu++20";
				CLANG_ENABLE_MODULES = YES;
				CLANG_ENABLE_OBJC_ARC = YES;
				CLANG_ENABLE_OBJC_WEAK = YES;
				CLANG_WARN_BLOCK_CAPTURE_AUTORELEASING = YES;
				CLANG_WARN_BOOL_CONVERSION = YES;
				CLANG_WARN_COMMA = YES;
				CLANG_WARN_CONSTANT_CONVERSION = YES;
				CLANG_WARN_DEPRECATED_OBJC_IMPLEMENTATIONS = YES;
				CLANG_WARN_DIRECT_OBJC_ISA_USAGE = YES_ERROR;
				CLANG_WARN_DOCUMENTATION_COMMENTS = YES;
				CLANG_WARN_EMPTY_BODY = YES;
				CLANG_WARN_ENUM_CONVERSION = YES;
				CLANG_WARN_INFINITE_RECURSION = YES;
				CLANG_WARN_INT_CONVERSION = YES;
				CLANG_WARN_NON_LITERAL_NULL_CONVERSION = YES;
				CLANG_WARN_OBJC_IMPLICIT_RETAIN_SELF = YES;
				CLANG_WARN_OBJC_LITERAL_CONVERSION = YES;
				CLANG_WARN_OBJC_ROOT_CLASS = YES_ERROR;
				CLANG_WARN_QUOTED_INCLUDE_IN_FRAMEWORK_HEADER = YES;
				CLANG_WARN_RANGE_LOOP_ANALYSIS = YES;
				CLANG_WARN_STRICT_PROTOTYPES = YES;
				CLANG_WARN_SUSPICIOUS_MOVE = YES;
				CLANG_WARN_UNGUARDED_AVAILABILITY = YES_AGGRESSIVE;
				CLANG_WARN_UNREACHABLE_CODE = YES;
				CLANG_WARN__DUPLICATE_METHOD_MATCH = YES;
				COPY_PHASE_STRIP = NO;
				DEBUG_INFORMATION_FORMAT = dwarf;
				ENABLE_STRICT_OBJC_MSGSEND = YES;
				ENABLE_TESTABILITY = YES;
				GCC_C_LANGUAGE_STANDARD = gnu11;
				GCC_DYNAMIC_NO_PIC = NO;
				GCC_NO_COMMON_BLOCKS = YES;
				GCC_OPTIMIZATION_LEVEL = 0;
				GCC_PREPROCESSOR_DEFINITIONS = (
					"DEBUG=1",
					"$(inherited)",
				);
				GCC_WARN_64_TO_32_BIT_CONVERSION = YES;
				GCC_WARN_ABOUT_RETURN_TYPE = YES_ERROR;
				GCC_WARN_UNDECLARED_SELECTOR = YES;
				GCC_WARN_UNINITIALIZED_AUTOS = YES_AGGRESSIVE;
				GCC_WARN_UNUSED_FUNCTION = YES;
				GCC_WARN_UNUSED_VARIABLE = YES;
				IPHONEOS_DEPLOYMENT_TARGET = 16.4;
				MTL_ENABLE_DEBUG_INFO = INCLUDE_SOURCE;
				MTL_FAST_MATH = YES;
				ONLY_ACTIVE_ARCH = YES;
				SDKROOT = iphoneos;
				SWIFT_ACTIVE_COMPILATION_CONDITIONS = DEBUG;
				SWIFT_OPTIMIZATION_LEVEL = "-Onone";
			};
			name = Debug;
		};
		6BBC45E12B0957B600BDB52E /* Release */ = {
			isa = XCBuildConfiguration;
			buildSettings = {
				ALWAYS_SEARCH_USER_PATHS = NO;
				CLANG_ANALYZER_NONNULL = YES;
				CLANG_ANALYZER_NUMBER_OBJECT_CONVERSION = YES_AGGRESSIVE;
				CLANG_CXX_LANGUAGE_STANDARD = "gnu++20";
				CLANG_ENABLE_MODULES = YES;
				CLANG_ENABLE_OBJC_ARC = YES;
				CLANG_ENABLE_OBJC_WEAK = YES;
				CLANG_WARN_BLOCK_CAPTURE_AUTORELEASING = YES;
				CLANG_WARN_BOOL_CONVERSION = YES;
				CLANG_WARN_COMMA = YES;
				CLANG_WARN_CONSTANT_CONVERSION = YES;
				CLANG_WARN_DEPRECATED_OBJC_IMPLEMENTATIONS = YES;
				CLANG_WARN_DIRECT_OBJC_ISA_USAGE = YES_ERROR;
				CLANG_WARN_DOCUMENTATION_COMMENTS = YES;
				CLANG_WARN_EMPTY_BODY = YES;
				CLANG_WARN_ENUM_CONVERSION = YES;
				CLANG_WARN_INFINITE_RECURSION = YES;
				CLANG_WARN_INT_CONVERSION = YES;
				CLANG_WARN_NON_LITERAL_NULL_CONVERSION = YES;
				CLANG_WARN_OBJC_IMPLICIT_RETAIN_SELF = YES;
				CLANG_WARN_OBJC_LITERAL_CONVERSION = YES;
				CLANG_WARN_OBJC_ROOT_CLASS = YES_ERROR;
				CLANG_WARN_QUOTED_INCLUDE_IN_FRAMEWORK_HEADER = YES;
				CLANG_WARN_RANGE_LOOP_ANALYSIS = YES;
				CLANG_WARN_STRICT_PROTOTYPES = YES;
				CLANG_WARN_SUSPICIOUS_MOVE = YES;
				CLANG_WARN_UNGUARDED_AVAILABILITY = YES_AGGRESSIVE;
				CLANG_WARN_UNREACHABLE_CODE = YES;
				CLANG_WARN__DUPLICATE_METHOD_MATCH = YES;
				COPY_PHASE_STRIP = NO;
				DEBUG_INFORMATION_FORMAT = "dwarf-with-dsym";
				ENABLE_NS_ASSERTIONS = NO;
				ENABLE_STRICT_OBJC_MSGSEND = YES;
				GCC_C_LANGUAGE_STANDARD = gnu11;
				GCC_NO_COMMON_BLOCKS = YES;
				GCC_WARN_64_TO_32_BIT_CONVERSION = YES;
				GCC_WARN_ABOUT_RETURN_TYPE = YES_ERROR;
				GCC_WARN_UNDECLARED_SELECTOR = YES;
				GCC_WARN_UNINITIALIZED_AUTOS = YES_AGGRESSIVE;
				GCC_WARN_UNUSED_FUNCTION = YES;
				GCC_WARN_UNUSED_VARIABLE = YES;
				IPHONEOS_DEPLOYMENT_TARGET = 16.4;
				MTL_ENABLE_DEBUG_INFO = NO;
				MTL_FAST_MATH = YES;
				SDKROOT = iphoneos;
				SWIFT_COMPILATION_MODE = wholemodule;
				SWIFT_OPTIMIZATION_LEVEL = "-O";
				VALIDATE_PRODUCT = YES;
			};
			name = Release;
		};
		6BBC45E32B0957B600BDB52E /* Debug */ = {
			isa = XCBuildConfiguration;
			buildSettings = {
				ASSETCATALOG_COMPILER_APPICON_NAME = AppIcon;
				ASSETCATALOG_COMPILER_GLOBAL_ACCENT_COLOR_NAME = AccentColor;
				CODE_SIGN_STYLE = Automatic;
				CURRENT_PROJECT_VERSION = 1;
				DEVELOPMENT_ASSET_PATHS = "\"Chat/Preview Content\"";
				ENABLE_PREVIEWS = YES;
				GENERATE_INFOPLIST_FILE = YES;
				INFOPLIST_KEY_UIApplicationSceneManifest_Generation = YES;
				INFOPLIST_KEY_UIApplicationSupportsIndirectInputEvents = YES;
				INFOPLIST_KEY_UILaunchScreen_Generation = YES;
				INFOPLIST_KEY_UISupportedInterfaceOrientations_iPad = "UIInterfaceOrientationPortrait UIInterfaceOrientationPortraitUpsideDown UIInterfaceOrientationLandscapeLeft UIInterfaceOrientationLandscapeRight";
				INFOPLIST_KEY_UISupportedInterfaceOrientations_iPhone = "UIInterfaceOrientationPortrait UIInterfaceOrientationLandscapeLeft UIInterfaceOrientationLandscapeRight";
				LD_RUNPATH_SEARCH_PATHS = (
					"$(inherited)",
					"@executable_path/Frameworks",
				);
				MARKETING_VERSION = 1.0;
				PRODUCT_BUNDLE_IDENTIFIER = "ChatAPP-school.Chat";
				PRODUCT_NAME = "$(TARGET_NAME)";
				SWIFT_EMIT_LOC_STRINGS = YES;
				SWIFT_VERSION = 5.0;
				TARGETED_DEVICE_FAMILY = "1,2";
			};
			name = Debug;
		};
		6BBC45E42B0957B600BDB52E /* Release */ = {
			isa = XCBuildConfiguration;
			buildSettings = {
				ASSETCATALOG_COMPILER_APPICON_NAME = AppIcon;
				ASSETCATALOG_COMPILER_GLOBAL_ACCENT_COLOR_NAME = AccentColor;
				CODE_SIGN_STYLE = Automatic;
				CURRENT_PROJECT_VERSION = 1;
				DEVELOPMENT_ASSET_PATHS = "\"Chat/Preview Content\"";
				ENABLE_PREVIEWS = YES;
				GENERATE_INFOPLIST_FILE = YES;
				INFOPLIST_KEY_UIApplicationSceneManifest_Generation = YES;
				INFOPLIST_KEY_UIApplicationSupportsIndirectInputEvents = YES;
				INFOPLIST_KEY_UILaunchScreen_Generation = YES;
				INFOPLIST_KEY_UISupportedInterfaceOrientations_iPad = "UIInterfaceOrientationPortrait UIInterfaceOrientationPortraitUpsideDown UIInterfaceOrientationLandscapeLeft UIInterfaceOrientationLandscapeRight";
				INFOPLIST_KEY_UISupportedInterfaceOrientations_iPhone = "UIInterfaceOrientationPortrait UIInterfaceOrientationLandscapeLeft UIInterfaceOrientationLandscapeRight";
				LD_RUNPATH_SEARCH_PATHS = (
					"$(inherited)",
					"@executable_path/Frameworks",
				);
				MARKETING_VERSION = 1.0;
				PRODUCT_BUNDLE_IDENTIFIER = "ChatAPP-school.Chat";
				PRODUCT_NAME = "$(TARGET_NAME)";
				SWIFT_EMIT_LOC_STRINGS = YES;
				SWIFT_VERSION = 5.0;
				TARGETED_DEVICE_FAMILY = "1,2";
			};
			name = Release;
		};
/* End XCBuildConfiguration section */

/* Begin XCConfigurationList section */
		6BBC45CF2B0957B500BDB52E /* Build configuration list for PBXProject "Chat" */ = {
			isa = XCConfigurationList;
			buildConfigurations = (
				6BBC45E02B0957B600BDB52E /* Debug */,
				6BBC45E12B0957B600BDB52E /* Release */,
			);
			defaultConfigurationIsVisible = 0;
			defaultConfigurationName = Release;
		};
		6BBC45E22B0957B600BDB52E /* Build configuration list for PBXNativeTarget "Chat" */ = {
			isa = XCConfigurationList;
			buildConfigurations = (
				6BBC45E32B0957B600BDB52E /* Debug */,
				6BBC45E42B0957B600BDB52E /* Release */,
			);
			defaultConfigurationIsVisible = 0;
			defaultConfigurationName = Release;
		};
/* End XCConfigurationList section */

/* Begin XCRemoteSwiftPackageReference section */
		6BA6A5092B0A8B5400FC6583 /* XCRemoteSwiftPackageReference "firebase-ios-sdk" */ = {
			isa = XCRemoteSwiftPackageReference;
			repositoryURL = "https://github.com/firebase/firebase-ios-sdk";
			requirement = {
				kind = upToNextMajorVersion;
				minimumVersion = 10.0.0;
			};
		};
/* End XCRemoteSwiftPackageReference section */

/* Begin XCSwiftPackageProductDependency section */
		6BA6A50A2B0A8B5400FC6583 /* FirebaseAppCheck */ = {
			isa = XCSwiftPackageProductDependency;
			package = 6BA6A5092B0A8B5400FC6583 /* XCRemoteSwiftPackageReference "firebase-ios-sdk" */;
			productName = FirebaseAppCheck;
		};
		6BA6A50C2B0A8B5400FC6583 /* FirebaseAppDistribution-Beta */ = {
			isa = XCSwiftPackageProductDependency;
			package = 6BA6A5092B0A8B5400FC6583 /* XCRemoteSwiftPackageReference "firebase-ios-sdk" */;
			productName = "FirebaseAppDistribution-Beta";
		};
		6BA6A50E2B0A8B5400FC6583 /* FirebaseAuth */ = {
			isa = XCSwiftPackageProductDependency;
			package = 6BA6A5092B0A8B5400FC6583 /* XCRemoteSwiftPackageReference "firebase-ios-sdk" */;
			productName = FirebaseAuth;
		};
		6BA6A5102B0A8B5400FC6583 /* FirebaseAuthCombine-Community */ = {
			isa = XCSwiftPackageProductDependency;
			package = 6BA6A5092B0A8B5400FC6583 /* XCRemoteSwiftPackageReference "firebase-ios-sdk" */;
			productName = "FirebaseAuthCombine-Community";
		};
		6BA6A5122B0A8B5400FC6583 /* FirebaseCrashlytics */ = {
			isa = XCSwiftPackageProductDependency;
			package = 6BA6A5092B0A8B5400FC6583 /* XCRemoteSwiftPackageReference "firebase-ios-sdk" */;
			productName = FirebaseCrashlytics;
		};
		6BA6A5142B0A8B5400FC6583 /* FirebaseDatabase */ = {
			isa = XCSwiftPackageProductDependency;
			package = 6BA6A5092B0A8B5400FC6583 /* XCRemoteSwiftPackageReference "firebase-ios-sdk" */;
			productName = FirebaseDatabase;
		};
		6BA6A5162B0A8B5400FC6583 /* FirebaseDatabaseSwift */ = {
			isa = XCSwiftPackageProductDependency;
			package = 6BA6A5092B0A8B5400FC6583 /* XCRemoteSwiftPackageReference "firebase-ios-sdk" */;
			productName = FirebaseDatabaseSwift;
		};
		6BA6A5182B0A8B5400FC6583 /* FirebaseDynamicLinks */ = {
			isa = XCSwiftPackageProductDependency;
			package = 6BA6A5092B0A8B5400FC6583 /* XCRemoteSwiftPackageReference "firebase-ios-sdk" */;
			productName = FirebaseDynamicLinks;
		};
		6BA6A51A2B0A8B5400FC6583 /* FirebaseFirestore */ = {
			isa = XCSwiftPackageProductDependency;
			package = 6BA6A5092B0A8B5400FC6583 /* XCRemoteSwiftPackageReference "firebase-ios-sdk" */;
			productName = FirebaseFirestore;
		};
		6BA6A51C2B0A8B5400FC6583 /* FirebaseFirestoreCombine-Community */ = {
			isa = XCSwiftPackageProductDependency;
			package = 6BA6A5092B0A8B5400FC6583 /* XCRemoteSwiftPackageReference "firebase-ios-sdk" */;
			productName = "FirebaseFirestoreCombine-Community";
		};
		6BA6A51E2B0A8B5400FC6583 /* FirebaseFirestoreSwift */ = {
			isa = XCSwiftPackageProductDependency;
			package = 6BA6A5092B0A8B5400FC6583 /* XCRemoteSwiftPackageReference "firebase-ios-sdk" */;
			productName = FirebaseFirestoreSwift;
		};
		6BA6A5202B0A8B5400FC6583 /* FirebaseFunctions */ = {
			isa = XCSwiftPackageProductDependency;
			package = 6BA6A5092B0A8B5400FC6583 /* XCRemoteSwiftPackageReference "firebase-ios-sdk" */;
			productName = FirebaseFunctions;
		};
		6BA6A5222B0A8B5400FC6583 /* FirebaseFunctionsCombine-Community */ = {
			isa = XCSwiftPackageProductDependency;
			package = 6BA6A5092B0A8B5400FC6583 /* XCRemoteSwiftPackageReference "firebase-ios-sdk" */;
			productName = "FirebaseFunctionsCombine-Community";
		};
		6BA6A5242B0A8B5400FC6583 /* FirebaseInAppMessaging-Beta */ = {
			isa = XCSwiftPackageProductDependency;
			package = 6BA6A5092B0A8B5400FC6583 /* XCRemoteSwiftPackageReference "firebase-ios-sdk" */;
			productName = "FirebaseInAppMessaging-Beta";
		};
		6BA6A5262B0A8B5400FC6583 /* FirebaseInAppMessagingSwift-Beta */ = {
			isa = XCSwiftPackageProductDependency;
			package = 6BA6A5092B0A8B5400FC6583 /* XCRemoteSwiftPackageReference "firebase-ios-sdk" */;
			productName = "FirebaseInAppMessagingSwift-Beta";
		};
		6BA6A5282B0A8B5400FC6583 /* FirebaseInstallations */ = {
			isa = XCSwiftPackageProductDependency;
			package = 6BA6A5092B0A8B5400FC6583 /* XCRemoteSwiftPackageReference "firebase-ios-sdk" */;
			productName = FirebaseInstallations;
		};
		6BA6A52A2B0A8B5400FC6583 /* FirebaseMLModelDownloader */ = {
			isa = XCSwiftPackageProductDependency;
			package = 6BA6A5092B0A8B5400FC6583 /* XCRemoteSwiftPackageReference "firebase-ios-sdk" */;
			productName = FirebaseMLModelDownloader;
		};
		6BA6A52C2B0A8B5400FC6583 /* FirebaseMessaging */ = {
			isa = XCSwiftPackageProductDependency;
			package = 6BA6A5092B0A8B5400FC6583 /* XCRemoteSwiftPackageReference "firebase-ios-sdk" */;
			productName = FirebaseMessaging;
		};
		6BA6A52E2B0A8B5400FC6583 /* FirebasePerformance */ = {
			isa = XCSwiftPackageProductDependency;
			package = 6BA6A5092B0A8B5400FC6583 /* XCRemoteSwiftPackageReference "firebase-ios-sdk" */;
			productName = FirebasePerformance;
		};
		6BA6A5302B0A8B5400FC6583 /* FirebaseRemoteConfig */ = {
			isa = XCSwiftPackageProductDependency;
			package = 6BA6A5092B0A8B5400FC6583 /* XCRemoteSwiftPackageReference "firebase-ios-sdk" */;
			productName = FirebaseRemoteConfig;
		};
		6BA6A5322B0A8B5400FC6583 /* FirebaseRemoteConfigSwift */ = {
			isa = XCSwiftPackageProductDependency;
			package = 6BA6A5092B0A8B5400FC6583 /* XCRemoteSwiftPackageReference "firebase-ios-sdk" */;
			productName = FirebaseRemoteConfigSwift;
		};
		6BA6A5342B0A8B5400FC6583 /* FirebaseStorage */ = {
			isa = XCSwiftPackageProductDependency;
			package = 6BA6A5092B0A8B5400FC6583 /* XCRemoteSwiftPackageReference "firebase-ios-sdk" */;
			productName = FirebaseStorage;
		};
		6BA6A5362B0A8B5400FC6583 /* FirebaseStorageCombine-Community */ = {
			isa = XCSwiftPackageProductDependency;
			package = 6BA6A5092B0A8B5400FC6583 /* XCRemoteSwiftPackageReference "firebase-ios-sdk" */;
			productName = "FirebaseStorageCombine-Community";
		};
/* End XCSwiftPackageProductDependency section */
	};
	rootObject = 6BBC45CC2B0957B500BDB52E /* Project object */;
}
