// !$*UTF8*$!
{
	archiveVersion = 1;
	classes = {
	};
	objectVersion = 56;
	objects = {

/* Begin PBXBuildFile section */
		6BBC45D82B0957B500BDB52E /* ChatApp.swift in Sources */ = {isa = PBXBuildFile; fileRef = 6BBC45D72B0957B500BDB52E /* ChatApp.swift */; };
		6BBC45DA2B0957B500BDB52E /* ContentView.swift in Sources */ = {isa = PBXBuildFile; fileRef = 6BBC45D92B0957B500BDB52E /* ContentView.swift */; };
		6BBC45DC2B0957B600BDB52E /* Assets.xcassets in Resources */ = {isa = PBXBuildFile; fileRef = 6BBC45DB2B0957B600BDB52E /* Assets.xcassets */; };
		6BBC45DF2B0957B600BDB52E /* Preview Assets.xcassets in Resources */ = {isa = PBXBuildFile; fileRef = 6BBC45DE2B0957B600BDB52E /* Preview Assets.xcassets */; };
		6BBC45E82B09583B00BDB52E /* login_view.swift in Sources */ = {isa = PBXBuildFile; fileRef = 6BBC45E72B09583B00BDB52E /* login_view.swift */; };
		6BBC45EB2B0958F900BDB52E /* FirebaseAuth in Frameworks */ = {isa = PBXBuildFile; productRef = 6BBC45EA2B0958F900BDB52E /* FirebaseAuth */; };
		6BBC45ED2B0958F900BDB52E /* FirebaseAuthCombine-Community in Frameworks */ = {isa = PBXBuildFile; productRef = 6BBC45EC2B0958F900BDB52E /* FirebaseAuthCombine-Community */; };
		6BBC45EF2B0958F900BDB52E /* FirebaseDatabase in Frameworks */ = {isa = PBXBuildFile; productRef = 6BBC45EE2B0958F900BDB52E /* FirebaseDatabase */; };
		6BBC45F12B0958F900BDB52E /* FirebaseFirestore in Frameworks */ = {isa = PBXBuildFile; productRef = 6BBC45F02B0958F900BDB52E /* FirebaseFirestore */; };
		6BBC45F32B0958F900BDB52E /* FirebaseFunctions in Frameworks */ = {isa = PBXBuildFile; productRef = 6BBC45F22B0958F900BDB52E /* FirebaseFunctions */; };
		6BBC45F52B0958F900BDB52E /* FirebaseFunctionsCombine-Community in Frameworks */ = {isa = PBXBuildFile; productRef = 6BBC45F42B0958F900BDB52E /* FirebaseFunctionsCombine-Community */; };
		6BBC45F72B0958F900BDB52E /* FirebaseInAppMessaging-Beta in Frameworks */ = {isa = PBXBuildFile; productRef = 6BBC45F62B0958F900BDB52E /* FirebaseInAppMessaging-Beta */; };
		6BBC45F92B0958FA00BDB52E /* FirebaseInAppMessagingSwift-Beta in Frameworks */ = {isa = PBXBuildFile; productRef = 6BBC45F82B0958FA00BDB52E /* FirebaseInAppMessagingSwift-Beta */; };
		6BBC45FB2B0958FA00BDB52E /* FirebaseMessaging in Frameworks */ = {isa = PBXBuildFile; productRef = 6BBC45FA2B0958FA00BDB52E /* FirebaseMessaging */; };
		6BBC45FD2B09596700BDB52E /* register_view.swift in Sources */ = {isa = PBXBuildFile; fileRef = 6BBC45FC2B09596700BDB52E /* register_view.swift */; };
		6BBC45FF2B09599D00BDB52E /* profile_view.swift in Sources */ = {isa = PBXBuildFile; fileRef = 6BBC45FE2B09599D00BDB52E /* profile_view.swift */; };
		6BBC46012B0959DA00BDB52E /* home_view.swift in Sources */ = {isa = PBXBuildFile; fileRef = 6BBC46002B0959DA00BDB52E /* home_view.swift */; };
		6BBC46032B095A0200BDB52E /* user_action.swift in Sources */ = {isa = PBXBuildFile; fileRef = 6BBC46022B095A0100BDB52E /* user_action.swift */; };
/* End PBXBuildFile section */

/* Begin PBXFileReference section */
		6BBC45D42B0957B500BDB52E /* Chat.app */ = {isa = PBXFileReference; explicitFileType = wrapper.application; includeInIndex = 0; path = Chat.app; sourceTree = BUILT_PRODUCTS_DIR; };
		6BBC45D72B0957B500BDB52E /* ChatApp.swift */ = {isa = PBXFileReference; lastKnownFileType = sourcecode.swift; path = ChatApp.swift; sourceTree = "<group>"; };
		6BBC45D92B0957B500BDB52E /* ContentView.swift */ = {isa = PBXFileReference; lastKnownFileType = sourcecode.swift; path = ContentView.swift; sourceTree = "<group>"; };
		6BBC45DB2B0957B600BDB52E /* Assets.xcassets */ = {isa = PBXFileReference; lastKnownFileType = folder.assetcatalog; path = Assets.xcassets; sourceTree = "<group>"; };
		6BBC45DE2B0957B600BDB52E /* Preview Assets.xcassets */ = {isa = PBXFileReference; lastKnownFileType = folder.assetcatalog; path = "Preview Assets.xcassets"; sourceTree = "<group>"; };
		6BBC45E72B09583B00BDB52E /* login_view.swift */ = {isa = PBXFileReference; lastKnownFileType = sourcecode.swift; path = login_view.swift; sourceTree = "<group>"; };
		6BBC45FC2B09596700BDB52E /* register_view.swift */ = {isa = PBXFileReference; lastKnownFileType = sourcecode.swift; path = register_view.swift; sourceTree = "<group>"; };
		6BBC45FE2B09599D00BDB52E /* profile_view.swift */ = {isa = PBXFileReference; lastKnownFileType = sourcecode.swift; path = profile_view.swift; sourceTree = "<group>"; };
		6BBC46002B0959DA00BDB52E /* home_view.swift */ = {isa = PBXFileReference; lastKnownFileType = sourcecode.swift; path = home_view.swift; sourceTree = "<group>"; };
		6BBC46022B095A0100BDB52E /* user_action.swift */ = {isa = PBXFileReference; lastKnownFileType = sourcecode.swift; path = user_action.swift; sourceTree = "<group>"; };
/* End PBXFileReference section */

/* Begin PBXFrameworksBuildPhase section */
		6BBC45D12B0957B500BDB52E /* Frameworks */ = {
			isa = PBXFrameworksBuildPhase;
			buildActionMask = 2147483647;
			files = (
				6BBC45FB2B0958FA00BDB52E /* FirebaseMessaging in Frameworks */,
				6BBC45EF2B0958F900BDB52E /* FirebaseDatabase in Frameworks */,
				6BBC45F72B0958F900BDB52E /* FirebaseInAppMessaging-Beta in Frameworks */,
				6BBC45F92B0958FA00BDB52E /* FirebaseInAppMessagingSwift-Beta in Frameworks */,
				6BBC45F12B0958F900BDB52E /* FirebaseFirestore in Frameworks */,
				6BBC45F32B0958F900BDB52E /* FirebaseFunctions in Frameworks */,
				6BBC45EB2B0958F900BDB52E /* FirebaseAuth in Frameworks */,
				6BBC45ED2B0958F900BDB52E /* FirebaseAuthCombine-Community in Frameworks */,
				6BBC45F52B0958F900BDB52E /* FirebaseFunctionsCombine-Community in Frameworks */,
			);
			runOnlyForDeploymentPostprocessing = 0;
		};
/* End PBXFrameworksBuildPhase section */

/* Begin PBXGroup section */
		6BBC45CB2B0957B500BDB52E = {
			isa = PBXGroup;
			children = (
				6BBC45D62B0957B500BDB52E /* Chat */,
				6BBC45D52B0957B500BDB52E /* Products */,
			);
			sourceTree = "<group>";
		};
		6BBC45D52B0957B500BDB52E /* Products */ = {
			isa = PBXGroup;
			children = (
				6BBC45D42B0957B500BDB52E /* Chat.app */,
			);
			name = Products;
			sourceTree = "<group>";
		};
		6BBC45D62B0957B500BDB52E /* Chat */ = {
			isa = PBXGroup;
			children = (
				6BBC45E72B09583B00BDB52E /* login_view.swift */,
				6BBC45D72B0957B500BDB52E /* ChatApp.swift */,
				6BBC45D92B0957B500BDB52E /* ContentView.swift */,
				6BBC45FE2B09599D00BDB52E /* profile_view.swift */,
				6BBC45FC2B09596700BDB52E /* register_view.swift */,
				6BBC46002B0959DA00BDB52E /* home_view.swift */,
				6BBC45DB2B0957B600BDB52E /* Assets.xcassets */,
				6BBC45DD2B0957B600BDB52E /* Preview Content */,
				6BBC46022B095A0100BDB52E /* user_action.swift */,
			);
			path = Chat;
			sourceTree = "<group>";
		};
		6BBC45DD2B0957B600BDB52E /* Preview Content */ = {
			isa = PBXGroup;
			children = (
				6BBC45DE2B0957B600BDB52E /* Preview Assets.xcassets */,
			);
			path = "Preview Content";
			sourceTree = "<group>";
		};
/* End PBXGroup section */

/* Begin PBXNativeTarget section */
		6BBC45D32B0957B500BDB52E /* Chat */ = {
			isa = PBXNativeTarget;
			buildConfigurationList = 6BBC45E22B0957B600BDB52E /* Build configuration list for PBXNativeTarget "Chat" */;
			buildPhases = (
				6BBC45D02B0957B500BDB52E /* Sources */,
				6BBC45D12B0957B500BDB52E /* Frameworks */,
				6BBC45D22B0957B500BDB52E /* Resources */,
			);
			buildRules = (
			);
			dependencies = (
			);
			name = Chat;
			packageProductDependencies = (
				6BBC45EA2B0958F900BDB52E /* FirebaseAuth */,
				6BBC45EC2B0958F900BDB52E /* FirebaseAuthCombine-Community */,
				6BBC45EE2B0958F900BDB52E /* FirebaseDatabase */,
				6BBC45F02B0958F900BDB52E /* FirebaseFirestore */,
				6BBC45F22B0958F900BDB52E /* FirebaseFunctions */,
				6BBC45F42B0958F900BDB52E /* FirebaseFunctionsCombine-Community */,
				6BBC45F62B0958F900BDB52E /* FirebaseInAppMessaging-Beta */,
				6BBC45F82B0958FA00BDB52E /* FirebaseInAppMessagingSwift-Beta */,
				6BBC45FA2B0958FA00BDB52E /* FirebaseMessaging */,
			);
			productName = Chat;
			productReference = 6BBC45D42B0957B500BDB52E /* Chat.app */;
			productType = "com.apple.product-type.application";
		};
/* End PBXNativeTarget section */

/* Begin PBXProject section */
		6BBC45CC2B0957B500BDB52E /* Project object */ = {
			isa = PBXProject;
			attributes = {
				BuildIndependentTargetsInParallel = 1;
				LastSwiftUpdateCheck = 1430;
				LastUpgradeCheck = 1430;
				TargetAttributes = {
					6BBC45D32B0957B500BDB52E = {
						CreatedOnToolsVersion = 14.3.1;
					};
				};
			};
			buildConfigurationList = 6BBC45CF2B0957B500BDB52E /* Build configuration list for PBXProject "Chat" */;
			compatibilityVersion = "Xcode 14.0";
			developmentRegion = en;
			hasScannedForEncodings = 0;
			knownRegions = (
				en,
				Base,
			);
			mainGroup = 6BBC45CB2B0957B500BDB52E;
			packageReferences = (
				6BBC45E92B0958F900BDB52E /* XCRemoteSwiftPackageReference "firebase-ios-sdk" */,
			);
			productRefGroup = 6BBC45D52B0957B500BDB52E /* Products */;
			projectDirPath = "";
			projectRoot = "";
			targets = (
				6BBC45D32B0957B500BDB52E /* Chat */,
			);
		};
/* End PBXProject section */

/* Begin PBXResourcesBuildPhase section */
		6BBC45D22B0957B500BDB52E /* Resources */ = {
			isa = PBXResourcesBuildPhase;
			buildActionMask = 2147483647;
			files = (
				6BBC45DF2B0957B600BDB52E /* Preview Assets.xcassets in Resources */,
				6BBC45DC2B0957B600BDB52E /* Assets.xcassets in Resources */,
			);
			runOnlyForDeploymentPostprocessing = 0;
		};
/* End PBXResourcesBuildPhase section */

/* Begin PBXSourcesBuildPhase section */
		6BBC45D02B0957B500BDB52E /* Sources */ = {
			isa = PBXSourcesBuildPhase;
			buildActionMask = 2147483647;
			files = (
				6BBC45DA2B0957B500BDB52E /* ContentView.swift in Sources */,
				6BBC46012B0959DA00BDB52E /* home_view.swift in Sources */,
				6BBC45FD2B09596700BDB52E /* register_view.swift in Sources */,
				6BBC45E82B09583B00BDB52E /* login_view.swift in Sources */,
				6BBC46032B095A0200BDB52E /* user_action.swift in Sources */,
				6BBC45FF2B09599D00BDB52E /* profile_view.swift in Sources */,
				6BBC45D82B0957B500BDB52E /* ChatApp.swift in Sources */,
			);
			runOnlyForDeploymentPostprocessing = 0;
		};
/* End PBXSourcesBuildPhase section */

/* Begin XCBuildConfiguration section */
		6BBC45E02B0957B600BDB52E /* Debug */ = {
			isa = XCBuildConfiguration;
			buildSettings = {
				ALWAYS_SEARCH_USER_PATHS = NO;
				CLANG_ANALYZER_NONNULL = YES;
				CLANG_ANALYZER_NUMBER_OBJECT_CONVERSION = YES_AGGRESSIVE;
				CLANG_CXX_LANGUAGE_STANDARD = "gnu++20";
				CLANG_ENABLE_MODULES = YES;
				CLANG_ENABLE_OBJC_ARC = YES;
				CLANG_ENABLE_OBJC_WEAK = YES;
				CLANG_WARN_BLOCK_CAPTURE_AUTORELEASING = YES;
				CLANG_WARN_BOOL_CONVERSION = YES;
				CLANG_WARN_COMMA = YES;
				CLANG_WARN_CONSTANT_CONVERSION = YES;
				CLANG_WARN_DEPRECATED_OBJC_IMPLEMENTATIONS = YES;
				CLANG_WARN_DIRECT_OBJC_ISA_USAGE = YES_ERROR;
				CLANG_WARN_DOCUMENTATION_COMMENTS = YES;
				CLANG_WARN_EMPTY_BODY = YES;
				CLANG_WARN_ENUM_CONVERSION = YES;
				CLANG_WARN_INFINITE_RECURSION = YES;
				CLANG_WARN_INT_CONVERSION = YES;
				CLANG_WARN_NON_LITERAL_NULL_CONVERSION = YES;
				CLANG_WARN_OBJC_IMPLICIT_RETAIN_SELF = YES;
				CLANG_WARN_OBJC_LITERAL_CONVERSION = YES;
				CLANG_WARN_OBJC_ROOT_CLASS = YES_ERROR;
				CLANG_WARN_QUOTED_INCLUDE_IN_FRAMEWORK_HEADER = YES;
				CLANG_WARN_RANGE_LOOP_ANALYSIS = YES;
				CLANG_WARN_STRICT_PROTOTYPES = YES;
				CLANG_WARN_SUSPICIOUS_MOVE = YES;
				CLANG_WARN_UNGUARDED_AVAILABILITY = YES_AGGRESSIVE;
				CLANG_WARN_UNREACHABLE_CODE = YES;
				CLANG_WARN__DUPLICATE_METHOD_MATCH = YES;
				COPY_PHASE_STRIP = NO;
				DEBUG_INFORMATION_FORMAT = dwarf;
				ENABLE_STRICT_OBJC_MSGSEND = YES;
				ENABLE_TESTABILITY = YES;
				GCC_C_LANGUAGE_STANDARD = gnu11;
				GCC_DYNAMIC_NO_PIC = NO;
				GCC_NO_COMMON_BLOCKS = YES;
				GCC_OPTIMIZATION_LEVEL = 0;
				GCC_PREPROCESSOR_DEFINITIONS = (
					"DEBUG=1",
					"$(inherited)",
				);
				GCC_WARN_64_TO_32_BIT_CONVERSION = YES;
				GCC_WARN_ABOUT_RETURN_TYPE = YES_ERROR;
				GCC_WARN_UNDECLARED_SELECTOR = YES;
				GCC_WARN_UNINITIALIZED_AUTOS = YES_AGGRESSIVE;
				GCC_WARN_UNUSED_FUNCTION = YES;
				GCC_WARN_UNUSED_VARIABLE = YES;
				IPHONEOS_DEPLOYMENT_TARGET = 16.4;
				MTL_ENABLE_DEBUG_INFO = INCLUDE_SOURCE;
				MTL_FAST_MATH = YES;
				ONLY_ACTIVE_ARCH = YES;
				SDKROOT = iphoneos;
				SWIFT_ACTIVE_COMPILATION_CONDITIONS = DEBUG;
				SWIFT_OPTIMIZATION_LEVEL = "-Onone";
			};
			name = Debug;
		};
		6BBC45E12B0957B600BDB52E /* Release */ = {
			isa = XCBuildConfiguration;
			buildSettings = {
				ALWAYS_SEARCH_USER_PATHS = NO;
				CLANG_ANALYZER_NONNULL = YES;
				CLANG_ANALYZER_NUMBER_OBJECT_CONVERSION = YES_AGGRESSIVE;
				CLANG_CXX_LANGUAGE_STANDARD = "gnu++20";
				CLANG_ENABLE_MODULES = YES;
				CLANG_ENABLE_OBJC_ARC = YES;
				CLANG_ENABLE_OBJC_WEAK = YES;
				CLANG_WARN_BLOCK_CAPTURE_AUTORELEASING = YES;
				CLANG_WARN_BOOL_CONVERSION = YES;
				CLANG_WARN_COMMA = YES;
				CLANG_WARN_CONSTANT_CONVERSION = YES;
				CLANG_WARN_DEPRECATED_OBJC_IMPLEMENTATIONS = YES;
				CLANG_WARN_DIRECT_OBJC_ISA_USAGE = YES_ERROR;
				CLANG_WARN_DOCUMENTATION_COMMENTS = YES;
				CLANG_WARN_EMPTY_BODY = YES;
				CLANG_WARN_ENUM_CONVERSION = YES;
				CLANG_WARN_INFINITE_RECURSION = YES;
				CLANG_WARN_INT_CONVERSION = YES;
				CLANG_WARN_NON_LITERAL_NULL_CONVERSION = YES;
				CLANG_WARN_OBJC_IMPLICIT_RETAIN_SELF = YES;
				CLANG_WARN_OBJC_LITERAL_CONVERSION = YES;
				CLANG_WARN_OBJC_ROOT_CLASS = YES_ERROR;
				CLANG_WARN_QUOTED_INCLUDE_IN_FRAMEWORK_HEADER = YES;
				CLANG_WARN_RANGE_LOOP_ANALYSIS = YES;
				CLANG_WARN_STRICT_PROTOTYPES = YES;
				CLANG_WARN_SUSPICIOUS_MOVE = YES;
				CLANG_WARN_UNGUARDED_AVAILABILITY = YES_AGGRESSIVE;
				CLANG_WARN_UNREACHABLE_CODE = YES;
				CLANG_WARN__DUPLICATE_METHOD_MATCH = YES;
				COPY_PHASE_STRIP = NO;
				DEBUG_INFORMATION_FORMAT = "dwarf-with-dsym";
				ENABLE_NS_ASSERTIONS = NO;
				ENABLE_STRICT_OBJC_MSGSEND = YES;
				GCC_C_LANGUAGE_STANDARD = gnu11;
				GCC_NO_COMMON_BLOCKS = YES;
				GCC_WARN_64_TO_32_BIT_CONVERSION = YES;
				GCC_WARN_ABOUT_RETURN_TYPE = YES_ERROR;
				GCC_WARN_UNDECLARED_SELECTOR = YES;
				GCC_WARN_UNINITIALIZED_AUTOS = YES_AGGRESSIVE;
				GCC_WARN_UNUSED_FUNCTION = YES;
				GCC_WARN_UNUSED_VARIABLE = YES;
				IPHONEOS_DEPLOYMENT_TARGET = 16.4;
				MTL_ENABLE_DEBUG_INFO = NO;
				MTL_FAST_MATH = YES;
				SDKROOT = iphoneos;
				SWIFT_COMPILATION_MODE = wholemodule;
				SWIFT_OPTIMIZATION_LEVEL = "-O";
				VALIDATE_PRODUCT = YES;
			};
			name = Release;
		};
		6BBC45E32B0957B600BDB52E /* Debug */ = {
			isa = XCBuildConfiguration;
			buildSettings = {
				ASSETCATALOG_COMPILER_APPICON_NAME = AppIcon;
				ASSETCATALOG_COMPILER_GLOBAL_ACCENT_COLOR_NAME = AccentColor;
				CODE_SIGN_STYLE = Automatic;
				CURRENT_PROJECT_VERSION = 1;
				DEVELOPMENT_ASSET_PATHS = "\"Chat/Preview Content\"";
				ENABLE_PREVIEWS = YES;
				GENERATE_INFOPLIST_FILE = YES;
				INFOPLIST_KEY_UIApplicationSceneManifest_Generation = YES;
				INFOPLIST_KEY_UIApplicationSupportsIndirectInputEvents = YES;
				INFOPLIST_KEY_UILaunchScreen_Generation = YES;
				INFOPLIST_KEY_UISupportedInterfaceOrientations_iPad = "UIInterfaceOrientationPortrait UIInterfaceOrientationPortraitUpsideDown UIInterfaceOrientationLandscapeLeft UIInterfaceOrientationLandscapeRight";
				INFOPLIST_KEY_UISupportedInterfaceOrientations_iPhone = "UIInterfaceOrientationPortrait UIInterfaceOrientationLandscapeLeft UIInterfaceOrientationLandscapeRight";
				LD_RUNPATH_SEARCH_PATHS = (
					"$(inherited)",
					"@executable_path/Frameworks",
				);
				MARKETING_VERSION = 1.0;
				PRODUCT_BUNDLE_IDENTIFIER = "ChatAPP-school.Chat";
				PRODUCT_NAME = "$(TARGET_NAME)";
				SWIFT_EMIT_LOC_STRINGS = YES;
				SWIFT_VERSION = 5.0;
				TARGETED_DEVICE_FAMILY = "1,2";
			};
			name = Debug;
		};
		6BBC45E42B0957B600BDB52E /* Release */ = {
			isa = XCBuildConfiguration;
			buildSettings = {
				ASSETCATALOG_COMPILER_APPICON_NAME = AppIcon;
				ASSETCATALOG_COMPILER_GLOBAL_ACCENT_COLOR_NAME = AccentColor;
				CODE_SIGN_STYLE = Automatic;
				CURRENT_PROJECT_VERSION = 1;
				DEVELOPMENT_ASSET_PATHS = "\"Chat/Preview Content\"";
				ENABLE_PREVIEWS = YES;
				GENERATE_INFOPLIST_FILE = YES;
				INFOPLIST_KEY_UIApplicationSceneManifest_Generation = YES;
				INFOPLIST_KEY_UIApplicationSupportsIndirectInputEvents = YES;
				INFOPLIST_KEY_UILaunchScreen_Generation = YES;
				INFOPLIST_KEY_UISupportedInterfaceOrientations_iPad = "UIInterfaceOrientationPortrait UIInterfaceOrientationPortraitUpsideDown UIInterfaceOrientationLandscapeLeft UIInterfaceOrientationLandscapeRight";
				INFOPLIST_KEY_UISupportedInterfaceOrientations_iPhone = "UIInterfaceOrientationPortrait UIInterfaceOrientationLandscapeLeft UIInterfaceOrientationLandscapeRight";
				LD_RUNPATH_SEARCH_PATHS = (
					"$(inherited)",
					"@executable_path/Frameworks",
				);
				MARKETING_VERSION = 1.0;
				PRODUCT_BUNDLE_IDENTIFIER = "ChatAPP-school.Chat";
				PRODUCT_NAME = "$(TARGET_NAME)";
				SWIFT_EMIT_LOC_STRINGS = YES;
				SWIFT_VERSION = 5.0;
				TARGETED_DEVICE_FAMILY = "1,2";
			};
			name = Release;
		};
/* End XCBuildConfiguration section */

/* Begin XCConfigurationList section */
		6BBC45CF2B0957B500BDB52E /* Build configuration list for PBXProject "Chat" */ = {
			isa = XCConfigurationList;
			buildConfigurations = (
				6BBC45E02B0957B600BDB52E /* Debug */,
				6BBC45E12B0957B600BDB52E /* Release */,
			);
			defaultConfigurationIsVisible = 0;
			defaultConfigurationName = Release;
		};
		6BBC45E22B0957B600BDB52E /* Build configuration list for PBXNativeTarget "Chat" */ = {
			isa = XCConfigurationList;
			buildConfigurations = (
				6BBC45E32B0957B600BDB52E /* Debug */,
				6BBC45E42B0957B600BDB52E /* Release */,
			);
			defaultConfigurationIsVisible = 0;
			defaultConfigurationName = Release;
		};
/* End XCConfigurationList section */

/* Begin XCRemoteSwiftPackageReference section */
		6BBC45E92B0958F900BDB52E /* XCRemoteSwiftPackageReference "firebase-ios-sdk" */ = {
			isa = XCRemoteSwiftPackageReference;
			repositoryURL = "https://github.com/firebase/firebase-ios-sdk";
			requirement = {
				kind = upToNextMajorVersion;
				minimumVersion = 10.0.0;
			};
		};
/* End XCRemoteSwiftPackageReference section */

/* Begin XCSwiftPackageProductDependency section */
		6BBC45EA2B0958F900BDB52E /* FirebaseAuth */ = {
			isa = XCSwiftPackageProductDependency;
			package = 6BBC45E92B0958F900BDB52E /* XCRemoteSwiftPackageReference "firebase-ios-sdk" */;
			productName = FirebaseAuth;
		};
		6BBC45EC2B0958F900BDB52E /* FirebaseAuthCombine-Community */ = {
			isa = XCSwiftPackageProductDependency;
			package = 6BBC45E92B0958F900BDB52E /* XCRemoteSwiftPackageReference "firebase-ios-sdk" */;
			productName = "FirebaseAuthCombine-Community";
		};
		6BBC45EE2B0958F900BDB52E /* FirebaseDatabase */ = {
			isa = XCSwiftPackageProductDependency;
			package = 6BBC45E92B0958F900BDB52E /* XCRemoteSwiftPackageReference "firebase-ios-sdk" */;
			productName = FirebaseDatabase;
		};
		6BBC45F02B0958F900BDB52E /* FirebaseFirestore */ = {
			isa = XCSwiftPackageProductDependency;
			package = 6BBC45E92B0958F900BDB52E /* XCRemoteSwiftPackageReference "firebase-ios-sdk" */;
			productName = FirebaseFirestore;
		};
		6BBC45F22B0958F900BDB52E /* FirebaseFunctions */ = {
			isa = XCSwiftPackageProductDependency;
			package = 6BBC45E92B0958F900BDB52E /* XCRemoteSwiftPackageReference "firebase-ios-sdk" */;
			productName = FirebaseFunctions;
		};
		6BBC45F42B0958F900BDB52E /* FirebaseFunctionsCombine-Community */ = {
			isa = XCSwiftPackageProductDependency;
			package = 6BBC45E92B0958F900BDB52E /* XCRemoteSwiftPackageReference "firebase-ios-sdk" */;
			productName = "FirebaseFunctionsCombine-Community";
		};
		6BBC45F62B0958F900BDB52E /* FirebaseInAppMessaging-Beta */ = {
			isa = XCSwiftPackageProductDependency;
			package = 6BBC45E92B0958F900BDB52E /* XCRemoteSwiftPackageReference "firebase-ios-sdk" */;
			productName = "FirebaseInAppMessaging-Beta";
		};
		6BBC45F82B0958FA00BDB52E /* FirebaseInAppMessagingSwift-Beta */ = {
			isa = XCSwiftPackageProductDependency;
			package = 6BBC45E92B0958F900BDB52E /* XCRemoteSwiftPackageReference "firebase-ios-sdk" */;
			productName = "FirebaseInAppMessagingSwift-Beta";
		};
		6BBC45FA2B0958FA00BDB52E /* FirebaseMessaging */ = {
			isa = XCSwiftPackageProductDependency;
			package = 6BBC45E92B0958F900BDB52E /* XCRemoteSwiftPackageReference "firebase-ios-sdk" */;
			productName = FirebaseMessaging;
		};
/* End XCSwiftPackageProductDependency section */
	};
	rootObject = 6BBC45CC2B0957B500BDB52E /* Project object */;
}
